ewogICJuYW1lIjogIm1hcmtldGluZy1rZW50ZWktYXBwIiwKICAidmVyc2lvbiI6ICIwLjEuMCIsCiAgImxvY2tmaWxlVmVyc2lvbiI6IDMsCiAgInJlcXVpcmVzIjogdHJ1ZSwKICAicGFja2FnZXMiOiB7CiAgICAiIjogewogICAgICAibmFtZSI6ICJtYXJrZXRpbmcta2VudGVpLWFwcCIsCiAgICAgICJ2ZXJzaW9uIjogIjAuMS4wIiwKICAgICAgImRlcGVuZGVuY2llcyI6IHsKICAgICAgICAiQGFudGhyb3BpYy1haS9zZGsiOiAiXjAuMzkuMCIsCiAgICAgICAgIm5leHQiOiAiMTUuMy4zIiwKICAgICAgICAicmVhY3QiOiAiXjE5IiwKICAgICAgICAicmVhY3QtZG9tIjogIl4xOSIKICAgICAgfSwKICAgICAgImRldkRlcGVuZGVuY2llcyI6IHsKICAgICAgICAiQHR5cGVzL25vZGUiOiAiXjIwIiwKICAgICAgICAiQHR5cGVzL3JlYWN0IjogIl4xOSIsCiAgICAgICAgIkB0eXBlcy9yZWFjdC1kb20iOiAiXjE5IiwKICAgICAgICAiYXV0b3ByZWZpeGVyIjogIl4xMC4wLjEiLAogICAgICAgICJlc2xpbnQiOiAiXjgiLAogICAgICAgICJlc2xpbnQtY29uZmlnLW5leHQiOiAiMTUuMy4zIiwKICAgICAgICAicG9zdGNzcyI6ICJeOCIsCiAgICAgICAgInRhaWx3aW5kY3NzIjogIl4zLjQuMSIsCiAgICAgICAgInR5cGVzY3JpcHQiOiAiXjUiCiAgICAgIH0KICAgIH0sCiAgICAibm9kZV9tb2R1bGVzL0BhbGxvYy9xdWljay1scnUiOiB7CiAgICAgICJ2ZXJzaW9uIjogIjUuMi4wIiwKICAgICAgInJlc29sdmVkIjogImh0dHBzOi8vcmVnaXN0cnkubnBtanMub3JnL0BhbGxvYy9xdWljay1scnUvLS9xdWljay1scnUtNS4yLjAudGd6IiwKICAgICAgImludGVncml0eSI6ICJzaGE1MTItVXJjQUJCKzRiVXJGQUJ3Ymx1VElCRXJYd3ZiczFVL1Y3VFpXZm1iZ0pmYmtnaUJ1emlTOWd4ZE9EVXl1aWVjZmRHUTg1amdsTV c2anVTMytemFUc0tMdz09IiwKICAgICAgImRldiI6IHRydWUsCiAgICAgICJsaWNlbnNlIjogIk1JVCIsCiAgICAgICJlbmdpbmVzIjogewogICAgICAgICJub2RlIjogIj49MTAiCiAgICAgIH0sCiAgICAgICJmdW5kaW5nIjogewogICAgICAgICJ1cmwiOiAiaHR0cHM6Ly9naXRodWIuY29tL3Nwb25zb3JzL3NpbmRyZXNvaHVzIgogICAgICB9CiAgICB9LAogICAgIm5vZGVfbW9kdWxlcy9AYW50aHJvcGljLWFpL3NkayI6IHsKICAgICAgInZlcnNpb24iOiAiMC4zOS4wIiwKICAgICAgInJlc29sdmVkIjogImh0dHBzOi8vcmVnaXN0cnkubnBtanMub3JnL0BhbnRocm9waWMtYWkvc2RrLy0vc2RrLTAuMzkuMC50Z3oiLAogICAgICAiaW50ZWdyaXR5IjogInNoYTUxMi1lTXlESVBSWmJ0MUNDTEVyUkNpM2V4bEF2TmtCdFJlK2tXNXZ2Skllbjkz UG1Ock9jbHN0WWdIaHR2bWt4TjgybmxLZ3p5R1BDeUd4cm0wSlExWklkZz09IiwKICAgICAgImxpY2Vuc2UiOiAiTUlUIiwKICAgICAgImRlcGVuZGVuY2llcyI6IHsKICAgICAgICAiQHR5cGVzL25vZGUiOiAiXjE4LjExLjE4IiwKICAgICAgICAiQHR5cGVzL25vZGUtZmV0Y2giOiAiXjIuNi40IiwKICAgICAgICAiYWJvcnQtY29udHJvbGxlciI6ICJeMy4wLjAiLAogICAgICAgICJhZ2VudGtlZXBhbGl2ZSI6ICJeNC4yLjEiLAogICAgICAgICJmb3JtLWRhdGEtZW5jb2RlciI6ICIxLjcuMiIsCiAgICAgICAgImZvcm1kYXRhLW5vZGUiOiAiXjQuMy4yIiwKICAgICAgICAibm9kZS1mZXRjaCI6ICJeMi42LjciCiAgICAgIH0KICAgIH0sCiAgICAibm9kZV9tb2R1bGVzL0BhbnRocm9waWMtYWkvc2RrL25vZGVfbW9kdWxlcy9AdHlwZXMvbm9kZSI6IHsKICAgICAgInZlcnNpb24iOiAiMTguMTkuMTMwIiwKICAgICAgInJlc29sdmVkIjogImh0dHBzOi8vcmVnaXN0cnkubnBtanMub3JnL0B0eXBlcy9ub2RlLy0vbm9kZS0xOC4xOS4xMzAudGd6IiwKICAgICAgImludGVncml0eSI6ICJzaGE1MTItR1JhWFF4NmpHZkw4c0tmYUlERDZPdXBiSUhCcjlqdjdKbmFtbDl0QjdsNHYwNjhQQU9YcWZjdWpNTW81UGhiSXM2Z2dSMVhPREVMcWFoVDJSOHYwZmcgPT0iLAogICAgICAibGljZW5zZSI6ICJNSVQiLAogICAgICAiZGVwZW5kZW5jaWVzIjogewogICAgICAgICJ1bmRpY2ktdHlwZXMiOiAifjUuMjYuNCIKICAgICAgfQogICAgfSwKICAgICJub2RlX21vZHVsZXMvQGFudGhyb3BpYy1haS9zZGsvbm9kZV9tb2R1bGVzL3VuZGljaS10eXBlcyI6IHsKICAgICAgInZlcnNpb24iOiAiNS4yNi41IiwKICAgICAgInJlc29sdmVkIjogImh0dHBzOi8vcmVnaXN0cnkubnBtanMub3JnL3VuZGljaS10eXBlcy8tL3VuZGljaS10eXBlcy01LjI2LjUudGd6IiwKICAgICAgImludGVncml0eSI6ICJzaGE1MTItSmxDTU8rZWhkRUlLcWxGeGs2SWZWb0FVVm1nejdjVTd6RC9oOVhaMHF6ZW9zU0htVUpWT3pTUXZ2WVNZV1hrTVg2anVMZ0lOSkRBSEdnWWV4L 'xVdXBNOEtMYkJoQkpWS3Q1ZHZNN0s4WFhONk10bUlBWT09IiwKICAgICAgImxpY2Vuc2UiOiAiTUlUIgogICAgfSwKICAgICJub2RlX21vZHVsZXMvQGVtbmFwaS9jb3JlIjogewogICAgICAidmVyc2lvbiI6ICIxLjEwLjAiLAogICAgICAicmVzb2x2ZWQiOiAiaHR0cHM6Ly9yZWdpc3RyeS5ucG1qcy5vcmcvQGVtbmFwaS9jb3JlLy0vY29yZS0xLjEwLjAudGd6IiwKICAgICAgImludGVncml0eSI6ICJzaGE1MTIteXE2T0tKNHA4MkNBZlBsMHU5bVFlYlFoS1BKa1kyeUFzOVJlK2tXNnYyN3lCK2wzWHRzQWorUTh0ZkN3TzZCUThpRG9qWWR2b1BNcXNLRGt1b09vK1gYVUFMSzFaeUlBWT09IiwKICAgICAgImRldiI6IHRydWUsCiAgICAgICJsaWNlbnNlIjogIk1JVCIsCiAgICAgICJvcHRpb25hbCI6IHRydWUsCiAgICAgICJkZXBlbmRlbmNpZXMiOiB7CiAgICAgICAgIkBlbW5hcGkvd2FzaS10aHJlYWRzIjogIjEuMi4xIiwKICAgICAgICAidHNsaWIiOiAiXjIuNC4wIgogICAgICB9CiAgICB9LAogICAgIm5vZGVfbW9kdWxlcy9AZW1uYXBpL3J1bnRpbWUiOiB7CiAgICAgICJ2ZXJzaW9uIjogIjEuMTAuMCIsCiAgICAgICJyZXNvbHZlZCI6ICJodHRwczovL3JlZ2lzdHJ5Lm5wbWpzLm9yZy9AZW1uYXBpL3J1bnRpbWUvLS9ydW50aW1lLTEuMTAuMC50Z3oiLAogICAgICAiaW50ZWdyaXR5IjogInNoYTUxMi1ld3ZZbGs4NnhVb0dJMHpRUk5xL21DKzE2UjFRZURsS1F5MjFLaTNvU1lYTmdMYjQ1R1YxUDZBME0rL3M2bnlDdU5EcWUzVjIrT2VWNmt3V2JzRnZCd0ZBPT0iLAogICAgICAibGljZW5zZSI6ICJNSVQiLAogICAgICAib3B0aW9uYWwiOiB0cnVlLAogICAgICAiZGVwZW5kZW5jaWVzIjogewogICAgICAgICJ0c2xpYiI6ICJeMi40LjAiCiAgICAgIH0KICAgIH0sCiAgICAibm9kZV9tb2R1bGVzL0BlbW5hcGkvd2FzaS10aHJlYWRzIjogewogICAgICAidmVyc2lvbiI6ICIxLjIuMSIsCiAgICAgICJyZXNvbHZlZCI6ICJodHRwczovL3JlZ2lzdHJ5Lm5wbWpzLm9yZy9AZW1uYXBpL3dhc2ktdGhyZWFkcy8tL3dhc2ktdGhyZWFkcy0xLjIuMS50Z3oiLAogICAgICAiaW50ZWdyaXR5IjogInNoYTUxMi11VElJN09ZRisvcGFyMW9EdEo5aW5PSDh0c01JT0o2SW1uZGxsTWpxSkhnOFJMVmRCN1ZxNFNma0VYbDltQ1NzdlBuaU14UkxnMnVOU2RqU3Nyclh3PT0iLAogICAgICAiZGV2IjogdHJ1ZSwKICAgICAgImxpY2Vuc2UiOiAiTUlUIiwKICAgICAgIm9wdGlvbmFsIjogdHJ1ZSwKICAgICAgImRlcGVuZGVuY2llcyI6IHsKICAgICAgICAidHNsaWIiOiAiXjIuNC4wIgogICAgICB9CiAgICB9LAogICAgIm5vZGVfbW9kdWxlcy9AZXNsaW50LWNvbW11bml0eS9lc2xpbnQtdXRpbHMiOiB7CiAgICAgICJ2ZXJzaW9uIjogIjQuOS4xIiwKICAgICAgInJlc29sdmVkIjogImh0dHBzOi8vcmVnaXN0cnkubnBtanMub3JnL0Blc2xpbnQtY29tbXVuaXR5L2VzbGludC11dGlscy8tL2VzbGludC11dGlscy00LjkuMS50Z3oiLAogICAgICAiaW50ZWdyaXR5IjogInNoYTUxMi1waHJZbU5pWXBwUjd6bkZFZHFnZldIWFI2TkNrWkVLN2h3V0RISFJNNkl0aWpxY0FiQVZwcFI3ekNsWXFtUFNxQkJVSzFxeXpQMVJ3dnJXVEp BNHVtMTRmQy9oaWhpclFjYU9nbDJCSU85eUlZWFhzZ2tnbzM2UDNPK25HSVlWWHlnSVE9PSIsCiAgICAgICJkZXYiOiB0cnVlLAogICAgICAibGljZW5zZSI6ICJNSVQiLAogICAgICAiZGVwZW5kZW5jaWVzIjogewogICAgICAgICJlc2xpbnQtdmlzaXRvci1rZXlzIjogIl4zLjQuMyIKICAgICAgfSwKICAgICAgImVuZ2luZXMiOiB7CiAgICAgICAgIm5vZGUiOiAiXjEyLjIyLjAgfHwgXjE0LjE3LjAgfHwgPj0xNi4wLjAiCiAgICAgIH0sCiAgICAgICJmdW5kaW5nIjogewogICAgICAgICJ1cmwiOiAiaHR0cHM6Ly9vcGVuY29sbGVjdGl2ZS5jb20vZXNsaW50IgogICAgICB9LAogICAgICAicGVlckRlcGVuZGVuY2llcyI6IHsKICAgICAgICAiZXNsaW50IjogIl42LjAuMCB8fCBeLjcuMC4wIHx8ID49OC4wLjAiCiAgICAgIH0KICAgIH0sCiAgICAibm9kZV9tb2R1bGVzL0Blc2xpbnQtY29tbXVuaXR5L3JlZ2V4cHAiOiB7CiAgICAgICJ2ZXJzaW9uIjogIjQuMTIuMiIsCiAgICAgICJyZXNvbHZlZCI6ICJodHRwczovL3JlZ2lzdHJ5Lm5wbWpzLm9yZy9AZXNsaW50LWNvbW11bml0eS9yZWdleHBwLy0vcmVnZXhwcC00LjEyLjIudGd6IiwKICAgICAgImludGVncml0eSI6ICJzaGE1MTItRXJpU1RsdDVPQzkvN1NYa1JTQ0FoZlN4eG9TVWdCbTMzT0grSWtXYmRwZ29xc1NVZzdJd1E1SkFXM1VJaW04RFFJY0g0TXdlN0pRekhGQy85M21MeTViMXdSOEhSS1hpM1EzS2NBNXd0WFVWWXZ0Q1RkNlhoNmVveVVqWEFWckMwMVRDa3hFc21BNHhJKzBuZWlMZEhROFpFam9YRkRFNjI5bHVGb2dUdHg2OVdlWXFWMEJjZ2t4QVpqWUJrSi9TMjAwc2RlQWt4YThNaTJXY1l0ZXpHRkZLS09HbGVzSm9WQThMMnhWUmo5Unl1TVpKcWFCVnh6aEpDdTdBRmI5NWJqdzhSaHB6c0xUeGY4U1N1bDVnVkZMUG5KTHR2TkZUMFlaR0pNbGZhbG9MUE1PbnZVbElmUlVhMFNtZk1hbzI3RDR0dkd6ZmJhZlFQcDZMYTdkbFNuaGtXejFVaFZLaXQ0R0d5SU9UbUcvNnlPMVNibFpwTlVxTHF3ME5EbHBSTHZZQVZIdk1OeE9oeHFacTZjM2RJMHMwMW5USitTak5oS2kvK1EzQ1FCNEhSdFVMQnFCbytQMHFROGd5ME9DcTBvNTI2cjZsdVlIbUVHUHZ1UjJSNm5pbW9MQ3VMY0k3aGh1V29hN3d2dzNiTFNEaWZUMTZlZlV0d3FhMW1YLzVrVUpqa0piN1hhOHBxSmpCNktLWUlCNit6azZnbU41ck5pU2c2cSsxRHQ0VkZVN1JBRjFiNXpuVlExQ2Nxbm4wM2pvbFpXQ2JLandubnhrcnJoU3lLOURLWGhYQVMva1RTVEtNVVRqTG9Fcm5Yay81MElaM08wMFZGalE3UjVBZ1N2T2hGSXFtWlY5UGpMaXk5c25WSlNxT0NHYUV3ZnlTVXJpTHFvSW5lVHlzZVE9PSIsCiAgICAgICJkZXYiOiB0cnVlLAogICAgICAibGljZW5zZSI6ICJNSVQiLAogICAgICAiZW5naW5lcyI6IHsKICAgICAgICAibm9kZSI6ICJeMTIuMC4wIHx8IF4xNC4wLjAgfHwgPj0xNi4wLjAiCiAgICAgIH0KICAgIH0sCiAgICAibm9kZV9tb2R1bGVzL0Blc2xpbnQvZXNsaW50cmMiOiB7CiAgICAgICJ2ZXJzaW9uIjogIjIuMS40IiwKICAgICAgInJlc29sdmVkIjogImh0dHBzOi8vcmVnaXN0cnkubnBtanMub3JnL0Blc2xpbnQvZXNsaW50cmMvLS9lc2xpbnRyYy0yLjEuNC50Z3oiLAogICAgICAiaW50ZWdyaXR5IjogInNoYTUxMi0yNjlaOTNNUzZ3VkpUc29VbDEwTDYwV2Roa0pWZFBHMjRRNGVaVGgzblFGZkxwdlNTaEVLM3dRakR4SlJXQVVQdlBoN0NPdXVQcFU5SXJxYVpGdnRRPT0iLAogICAgICAiZGV2IjogdHJ1ZSwKICAgICAgImxpY2Vuc2UiOiAiTUlUIiwKICAgICAgImRlcGVuZGVuY2llcyI6IHsKICAgICAgICAiYWp2IjogIl42LjEyLjQiLAogICAgICAgICJkZWJ1ZyI6ICJeNC4zLjIiLAogICAgICAgICJlc3ByZWUiOiAiXjkuNi4wIiwKICAgICAgICAiZ2xvYmFscyI6ICJeMTMuMTkuMCIsCiAgICAgICAgImlnbm9yZSI6ICJeNS4yLjAiLAogICAgICAgICJpbXBvcnQtZnJlc2giOiAiXjMuMi4xIiwKICAgICAgICAianMteWFtbCI6ICJeNC4xLjAiLAogICAgICAgICJtaW5pbWF0Y2giOiAiXjMuMS4yIiwKICAgICAgICAic3RyaXAtanNvbi1jb21tZW50cyI6ICJeMy4xLjEiCiAgICAgIH0sCiAgICAgICJlbmdpbmVzIjogewogICAgICAgICJub2RlIjogIl4xMi4yMi4wIHx8IF4xNC4xNy4wIHx8ID49MTYuMC4wIgogICAgICB9LAogICAgICAiZnVuZGluZyI6IHsKICAgICAgICAidXJsIjogImh0dHBzOi8vb3BlbmNvbGxlY3RpdmUuY29tL2VzbGludCIKICAgICAgfQogICAgfSwKICAgICJub2RlX21vZHVsZXMvQGVzbGludC9qcyI6IHsKICAgICAgInZlcnNpb24iOiAiOC41Ny4xIiwKICAgICAgInJlc29sdmVkIjogImh0dHBzOi8vcmVnaXN0cnkubnBtanMub3JnL0Blc2xpbnQvanMvLS9qcy04LjU3LjEudGd6IiwKICAgICAgImludGVncml0eSI6ICJzaGE1MTItZDl6YU1SU1RJS0RMaGN0ekgxMk10WHZKa1NTVVVoYUhjalgzYklMeGt2SDBZS20vS1FUMC9UM1hBQ0hPOTdMclhNanlaWi96UW16YjZqQU9RbE5JSWV2RnZoeE0vOFpBQy9vNVhQL3FDQnpRa1ZxNnRRb3RUcVZhUHhMb1VJb28yZmNKSUlXM3VFU0ZwZklnS1F4Umk4R0cwTG1GclVSZEM5U0tHa1JhNjJiNjZFVlZlMzlLY3JnVkJ4dmc4cUlJMUdOUzROaEcya3IxVzhuUFpndENHWW9VT3FBRFFHemFKanNiZzRHbWx6TXBzeTZYLzh2VkV3U3lrTzAzNk14eU9hYW5kTUNPMWE4N3ZXZ1BQT1p1ZFQvZmdSdlBBS05VdjVRU0I3R25BZ1RtSTVIQjBGSytBWEd5SDNFM01DYlFmOHdxM2VRNWppK1BEYVRFbHZVbjZoM29pNDhNVmhZM0JCTWR1bGIxYXhxNHFBR0N5U0VuMkpQd0ZkZEJyUFZKbmM1b1hCWDZMY25ZbERpS2lFN0cxcU5BSmltVExQblNZazBJZ3lMcGVtZHl5am5pWFNTbEQyQ1FKa01iQWluWWhPbVpHL0VHeDlNN29hbGIrUERkYlBDL3hBeFEyRDFYWjJuTHhRbmhXOG4xSkZxOVJLcGM0N2RON1NHRVU2TVpkb25yY1pNQ01Sc0lJcFpkblJ4N09pNWpIT0MrK1pzMlJXazgvMng1Q2UzeWdFOG85VTFmMmF2c1lLMkJrQ3A5UTBPQml6WHNJRWR1TXFqekpodk9MZXB2K2c9PSIsCiAgICAgICJkZXYiOiB0cnVlLAogICAgICAibGljZW5zZSI6ICJNSVQiLAogICAgICAiZW5naW5lcyI6IHsKICAgICAgICAibm9kZSI6ICJeMTIuMjIuMCB8fCBeMTQuMTcuMCB8fCA+PTE2LjAuMCIKICAgICAgfQogICAgfSwKICAgICJub2RlX21vZHVsZXMvQGh1bWFud2hvY29kZXMvY29uZmlnLWFycmF5Ijog