ewogICJuYW1lIjogIm1hcmtldGluZy1rZW50ZWktYXBwIiwKICAidmVyc2lvbiI6ICIwLjEuMCIsCiAgImxvY2tmaWxlVmVyc2lvbiI6IDMsCiAgInJlcXVpcmVzIjogdHJ1ZSwKICAicGFja2FnZXMiOiB7CiAgICAiIjogewogICAgICAibmFtZSI6ICJtYXJrZXRpbmcta2VudGVpLWFwcCIsCiAgICAgICJ2ZXJzaW9uIjogIjAuMS4wIiwKICAgICAgImRlcGVuZGVuY2llcyI6IHsKICAgICAgICAiQGFudGhyb3BpYy1haS9zZGsiOiAiXjAuMzkuMCIsCiAgICAgICAgIm5leHQiOiAiMTUuMy4zIiwKICAgICAgICAicmVhY3QiOiAiXjE5IiwKICAgICAgICAicmVhY3QtZG9tIjogIl4xOSIKICAgICAgfSwKICAgICAgImRldkRlcGVuZGVuY2llcyI6IHsKICAgICAgICAiQHR5cGVzL25vZGUiOiAiXjIwIiwKICAgICAgICAiQHR5cGVzL3JlYWN0IjogIl4xOSIsCiAgICAgICAgIkB0eXBlcy9yZWFjdC1kb20iOiAiXjE5IiwKICAgICAgICAiYXV0b3ByZWZpeGVyIjogIl4xMC4wLjEiLAogICAgICAgICJlc2xpbnQiOiAiXjgiLAogICAgICAgICJlc2xpbnQtY29uZmlnLW5leHQiOiAiMTUuMy4zIiwKICAgICAgICAicG9zdGNzcyI6ICJeOCIsCiAgICAgICAgInRhaWx3aW5kY3NzIjogIl4zLjQuMSIsCiAgICAgICAgInR5cGVzY3JpcHQiOiAiXjUiCiAgICAgIH0KICAgIH0sCiAgICAibm9kZV9tb2R1bGVzL0BhbGxvYy9xdWljay1scnUiOiB7CiAgICAgICJ2ZXJzaW9uIjogIjUuMi4wIiwKICAgICAgInJlc29sdmVkIjogImh0dHBzOi8vcmVnaXN0cnkubnBtanMub3JnL0BhbGxvYy9xdWljay1scnUvLS9xdWljay1scnUtNS4yLjAudGd6IiwKICAgICAgImludGVncml0eSI6ICJzaGE1MTItVXJjQUJCKzRiVXJGQUJ3Ymx1VElCRXJYd3ZiczFVL1Y3VFpXZm1iZ0pmYmtnaUJ1emlTOWd4ZE9EVXl1aWVjZmRHUTg1amdsTV c2anVTMytemFUc0tMdz09IiwKICAgICAgImRldiI6IHRydWUsCiAgICAgICJsaWNlbnNlIjogIk1JVCIsCiAgICAgICJlbmdpbmVzIjogewogICAgICAgICJub2RlIjogIj49MTAiCiAgICAgIH0sCiAgICAgICJmdW5kaW5nIjogewogICAgICAgICJ1cmwiOiAiaHR0cHM6Ly9naXRodWIuY29tL3Nwb25zb3JzL3NpbmRyZXNvaHVzIgogICAgICB9CiAgICB9LAogICAgIm5vZGVfbW9kdWxlcy9AYW50aHJvcGljLWFpL3NkayI6IHsKICAgICAgInZlcnNpb24iOiAiMC4zOS4wIiwKICAgICAgInJlc29sdmVkIjogImh0dHBzOi8vcmVnaXN0cnkubnBtanMub3JnL0BhbnRocm9waWMtYWkvc2RrLy0vc2RrLTAuMzkuMC50Z3oiLAogICAgICAiaW50ZWdyaXR5IjogInNoYTUxMi1lTXlESVBSWmJ0MUNDTEVyUkNpM2V4bEF2TmtCdFJlK2tXNXZ2Skllbjkz